
Microsoft Visual Studio Solution File, Format Version 12.00
# Visual Studio Version 17
VisualStudioVersion = 17.12.35728.132
MinimumVisualStudioVersion = 10.0.40219.1
Project("{FAE04EC0-301F-11D3-BF4B-00C04F79EFBC}") = "RestaurantApi", "RestaurantApi.csproj", "{E3A45412-2153-464B-B5B8-72D219AD65E6}"
EndProject
Project("{54A90642-561A-4BB1-A94E-469ADEE60C69}") = "RestaurantApi.Client", "..\RestaurantApi1\Frontend\RestaurantApi.Client\RestaurantApi.Client.esproj", "{BD17CCFC-FAA2-DE0A-3106-2BD6E422A77E}"
EndProject
Global
	GlobalSection(SolutionConfigurationPlatforms) = preSolution
		Debug|Any CPU = Debug|Any CPU
		Release|Any CPU = Release|Any CPU
	EndGlobalSection
	GlobalSection(ProjectConfigurationPlatforms) = postSolution
		{E3A45412-2153-464B-B5B8-72D219AD65E6}.Debug|Any CPU.ActiveCfg = Debug|Any CPU
		{E3A45412-2153-464B-B5B8-72D219AD65E6}.Debug|Any CPU.Build.0 = Debug|Any CPU
		{E3A45412-2153-464B-B5B8-72D219AD65E6}.Release|Any CPU.ActiveCfg = Release|Any CPU
		{E3A45412-2153-464B-B5B8-72D219AD65E6}.Release|Any CPU.Build.0 = Release|Any CPU
		{BD17CCFC-FAA2-DE0A-3106-2BD6E422A77E}.Debug|Any CPU.ActiveCfg = Debug|Any CPU
		{BD17CCFC-FAA2-DE0A-3106-2BD6E422A77E}.Debug|Any CPU.Build.0 = Debug|Any CPU
		{BD17CCFC-FAA2-DE0A-3106-2BD6E422A77E}.Debug|Any CPU.Deploy.0 = Debug|Any CPU
		{BD17CCFC-FAA2-DE0A-3106-2BD6E422A77E}.Release|Any CPU.ActiveCfg = Release|Any CPU
		{BD17CCFC-FAA2-DE0A-3106-2BD6E422A77E}.Release|Any CPU.Build.0 = Release|Any CPU
		{BD17CCFC-FAA2-DE0A-3106-2BD6E422A77E}.Release|Any CPU.Deploy.0 = Release|Any CPU
	EndGlobalSection
	GlobalSection(SolutionProperties) = preSolution
		HideSolutionNode = FALSE
	EndGlobalSection
EndGlobal
